
Microsoft Visual Studio Solution File, Format Version 12.00
# Visual Studio Version 17
VisualStudioVersion = 17.2.32505.173
MinimumVisualStudioVersion = 10.0.40219.1
Project("{FAE04EC0-301F-11D3-BF4B-00C04F79EFBC}") = "SimpleNotepad", "SimpleNotepad\SimpleNotepad.csproj", "{073E4F54-F7E8-43DB-AC4B-880047FEB7A4}"
EndProject
Global
	GlobalSection(SolutionConfigurationPlatforms) = preSolution
		Debug|Any CPU = Debug|Any CPU
		Release|Any CPU = Release|Any CPU
	EndGlobalSection
	GlobalSection(ProjectConfigurationPlatforms) = postSolution
		{073E4F54-F7E8-43DB-AC4B-880047FEB7A4}.Debug|Any CPU.ActiveCfg = Debug|Any CPU
		{073E4F54-F7E8-43DB-AC4B-880047FEB7A4}.Debug|Any CPU.Build.0 = Debug|Any CPU
		{073E4F54-F7E8-43DB-AC4B-880047FEB7A4}.Release|Any CPU.ActiveCfg = Release|Any CPU
		{073E4F54-F7E8-43DB-AC4B-880047FEB7A4}.Release|Any CPU.Build.0 = Release|Any CPU
	EndGlobalSection
	GlobalSection(SolutionProperties) = preSolution
		HideSolutionNode = FALSE
	EndGlobalSection
	GlobalSection(ExtensibilityGlobals) = postSolution
		SolutionGuid = {6136AD1E-B463-4331-B0A9-BA368A1614A5}
	EndGlobalSection
EndGlobal
